
Microsoft Visual Studio Solution File, Format Version 12.00
# Visual Studio Version 17
VisualStudioVersion = 17.11.35303.130
MinimumVisualStudioVersion = 10.0.40219.1
Project("{FAE04EC0-301F-11D3-BF4B-00C04F79EFBC}") = "C# method overriding", "C# method overriding\C# method overriding.csproj", "{A6D58A84-1520-4CAD-B509-18B22E993FED}"
EndProject
Global
	GlobalSection(SolutionConfigurationPlatforms) = preSolution
		Debug|Any CPU = Debug|Any CPU
		Release|Any CPU = Release|Any CPU
	EndGlobalSection
	GlobalSection(ProjectConfigurationPlatforms) = postSolution
		{A6D58A84-1520-4CAD-B509-18B22E993FED}.Debug|Any CPU.ActiveCfg = Debug|Any CPU
		{A6D58A84-1520-4CAD-B509-18B22E993FED}.Debug|Any CPU.Build.0 = Debug|Any CPU
		{A6D58A84-1520-4CAD-B509-18B22E993FED}.Release|Any CPU.ActiveCfg = Release|Any CPU
		{A6D58A84-1520-4CAD-B509-18B22E993FED}.Release|Any CPU.Build.0 = Release|Any CPU
	EndGlobalSection
	GlobalSection(SolutionProperties) = preSolution
		HideSolutionNode = FALSE
	EndGlobalSection
	GlobalSection(ExtensibilityGlobals) = postSolution
		SolutionGuid = {A50E944D-0E7A-4CCB-BD7E-3EDA20616882}
	EndGlobalSection
EndGlobal
